
Microsoft Visual Studio Solution File, Format Version 12.00
# Visual Studio Version 17
VisualStudioVersion = 17.7.34221.43
MinimumVisualStudioVersion = 10.0.40219.1
Project("{FAE04EC0-301F-11D3-BF4B-00C04F79EFBC}") = "eTickets", "eTickets\eTickets.csproj", "{557A7DA3-A609-4F2A-8C3E-8CCA981295E5}"
EndProject
Global
	GlobalSection(SolutionConfigurationPlatforms) = preSolution
		Debug|Any CPU = Debug|Any CPU
		Release|Any CPU = Release|Any CPU
	EndGlobalSection
	GlobalSection(ProjectConfigurationPlatforms) = postSolution
		{557A7DA3-A609-4F2A-8C3E-8CCA981295E5}.Debug|Any CPU.ActiveCfg = Debug|Any CPU
		{557A7DA3-A609-4F2A-8C3E-8CCA981295E5}.Debug|Any CPU.Build.0 = Debug|Any CPU
		{557A7DA3-A609-4F2A-8C3E-8CCA981295E5}.Release|Any CPU.ActiveCfg = Release|Any CPU
		{557A7DA3-A609-4F2A-8C3E-8CCA981295E5}.Release|Any CPU.Build.0 = Release|Any CPU
	EndGlobalSection
	GlobalSection(SolutionProperties) = preSolution
		HideSolutionNode = FALSE
	EndGlobalSection
	GlobalSection(ExtensibilityGlobals) = postSolution
		SolutionGuid = {F0842807-C683-4689-956B-4475A009FF9A}
	EndGlobalSection
EndGlobal
